{
  "requires": true,
  "lockfileVersion": 1,
  "dependencies": {
    "cordova-plugin-console": {
      "version": "1.1.0",
      "resolved": "https://registry.npmjs.org/cordova-plugin-console/-/cordova-plugin-console-1.1.0.tgz",
      "integrity": "sha1-4vusECkBeeRMtyxf28QQpTHBzW0="
    },
    "cordova-plugin-device": {
      "version": "2.0.3",
      "resolved": "https://registry.npmjs.org/cordova-plugin-device/-/cordova-plugin-device-2.0.3.tgz",
      "integrity": "sha512-Jb3V72btxf3XHpkPQsGdyc8N6tVBYn1vsxSFj43fIz9vonJDUThYPCJJHqk6PX6N4dJw6I4FjxkpfCR4LDYMlw=="
    },
    "cordova-plugin-dialogs": {
      "version": "2.0.2",
      "resolved": "https://registry.npmjs.org/cordova-plugin-dialogs/-/cordova-plugin-dialogs-2.0.2.tgz",
      "integrity": "sha512-FUHI6eEVeoz2VkxbF0P56QlUQLGzXcvw3i4xuXyM9gEct6Y+FA3Xzgl2pJTZcTg5wRqLWzN08kgNoHPkom15pw=="
    },
    "cordova-plugin-inappbrowser": {
      "version": "3.0.0",
      "resolved": "https://registry.npmjs.org/cordova-plugin-inappbrowser/-/cordova-plugin-inappbrowser-3.0.0.tgz",
      "integrity": "sha1-1K4A02Z2IQdRBXrSWK5K1KkWGto="
    },
    "cordova-plugin-splashscreen": {
      "version": "5.0.3",
      "resolved": "https://registry.npmjs.org/cordova-plugin-splashscreen/-/cordova-plugin-splashscreen-5.0.3.tgz",
      "integrity": "sha512-rnoDXMDfzoeHDBvsnu6JmzDE/pV5YJCAfc5hYX/Mb2BIXGgSjFJheByt0tU6kp3Wl40tSyFX4pYfBwFblBGyRg=="
    },
    "cordova-plugin-statusbar": {
      "version": "2.4.3",
      "resolved": "https://registry.npmjs.org/cordova-plugin-statusbar/-/cordova-plugin-statusbar-2.4.3.tgz",
      "integrity": "sha512-ThmXzl6QIKWFXf4wWw7Q/zpB+VKkz3VM958+5A0sXD4jmR++u7KnGttLksXshVwWr6lvGwUebLYtIyXwS4Ovcg=="
    },
    "cordova-plugin-streaming": {
      "version": "1.4.0",
      "resolved": "https://registry.npmjs.org/cordova-plugin-streaming/-/cordova-plugin-streaming-1.4.0.tgz",
      "integrity": "sha1-q0m8jwTUPB43/taqoG8d1wz1CcI="
    },
    "cordova-plugin-whitelist": {
      "version": "1.3.4",
      "resolved": "https://registry.npmjs.org/cordova-plugin-whitelist/-/cordova-plugin-whitelist-1.3.4.tgz",
      "integrity": "sha512-EYC5eQFVkoYXq39l7tYKE6lEjHJ04mvTmKXxGL7quHLdFPfJMNzru/UYpn92AOfpl3PQaZmou78C7EgmFOwFQQ=="
    },
    "ionic-plugin-keyboard": {
      "version": "2.2.1",
      "resolved": "https://registry.npmjs.org/ionic-plugin-keyboard/-/ionic-plugin-keyboard-2.2.1.tgz",
      "integrity": "sha1-8qnhabvptVIkADR8n9bTRn7j+hI="
    },
    "onesignal-cordova-plugin": {
      "version": "2.4.7",
      "resolved": "https://registry.npmjs.org/onesignal-cordova-plugin/-/onesignal-cordova-plugin-2.4.7.tgz",
      "integrity": "sha512-gPCFdx/2+l34g5CWlH8LyC5RobJyiyHHFvuJIbHgeEagcL0ieE+hg5YS+3YzFl93Isnh/mhfV3LEYaUON3ZKuw=="
    }
  }
}
